
Microsoft Visual Studio Solution File, Format Version 12.00
# Visual Studio Version 17
VisualStudioVersion = 17.14.36429.23 d17.14
MinimumVisualStudioVersion = 10.0.40219.1
Project("{FAE04EC0-301F-11D3-BF4B-00C04F79EFBC}") = "variant1", "variant1.csproj", "{770BE952-4512-4351-A249-1CF95931CE7E}"
EndProject
Global
	GlobalSection(SolutionConfigurationPlatforms) = preSolution
		Debug|Any CPU = Debug|Any CPU
		Release|Any CPU = Release|Any CPU
	EndGlobalSection
	GlobalSection(ProjectConfigurationPlatforms) = postSolution
		{770BE952-4512-4351-A249-1CF95931CE7E}.Debug|Any CPU.ActiveCfg = Debug|Any CPU
		{770BE952-4512-4351-A249-1CF95931CE7E}.Debug|Any CPU.Build.0 = Debug|Any CPU
		{770BE952-4512-4351-A249-1CF95931CE7E}.Release|Any CPU.ActiveCfg = Release|Any CPU
		{770BE952-4512-4351-A249-1CF95931CE7E}.Release|Any CPU.Build.0 = Release|Any CPU
	EndGlobalSection
	GlobalSection(SolutionProperties) = preSolution
		HideSolutionNode = FALSE
	EndGlobalSection
	GlobalSection(ExtensibilityGlobals) = postSolution
		SolutionGuid = {A23A9BC9-D2EE-4B11-AA03-A3E7CD0A190F}
	EndGlobalSection
EndGlobal
